
Microsoft Visual Studio Solution File, Format Version 12.00
# Visual Studio Version 17
VisualStudioVersion = 17.7.34202.233
MinimumVisualStudioVersion = 10.0.40219.1
Project("{FAE04EC0-301F-11D3-BF4B-00C04F79EFBC}") = "rad_andrada_lab1", "rad_andrada_lab1.csproj", "{C84446BE-24C8-43D9-B985-316A062AC900}"
EndProject
Global
	GlobalSection(SolutionConfigurationPlatforms) = preSolution
		Debug|Any CPU = Debug|Any CPU
		Release|Any CPU = Release|Any CPU
	EndGlobalSection
	GlobalSection(ProjectConfigurationPlatforms) = postSolution
		{C84446BE-24C8-43D9-B985-316A062AC900}.Debug|Any CPU.ActiveCfg = Debug|Any CPU
		{C84446BE-24C8-43D9-B985-316A062AC900}.Debug|Any CPU.Build.0 = Debug|Any CPU
		{C84446BE-24C8-43D9-B985-316A062AC900}.Release|Any CPU.ActiveCfg = Release|Any CPU
		{C84446BE-24C8-43D9-B985-316A062AC900}.Release|Any CPU.Build.0 = Release|Any CPU
	EndGlobalSection
	GlobalSection(SolutionProperties) = preSolution
		HideSolutionNode = FALSE
	EndGlobalSection
	GlobalSection(ExtensibilityGlobals) = postSolution
		SolutionGuid = {7D4CECCE-BF4C-4291-9383-AF812D08A009}
	EndGlobalSection
EndGlobal
